{
  "originHash" : "2c82dd6c5797caa3365f31d134819d581adc47f1c9270a8b4cf21ac21e91e843",
  "pins" : [
    {
      "identity" : "bigint",
      "kind" : "remoteSourceControl",
      "location" : "https://github.com/attaswift/BigInt.git",
      "state" : {
        "revision" : "0ed110f7555c34ff468e72e1686e59721f2b0da6",
        "version" : "5.3.0"
      }
    },
    {
      "identity" : "swift-base58",
      "kind" : "remoteSourceControl",
      "location" : "https://github.com/KINGH242/swift-base58.git",
      "state" : {
        "revision" : "11895c76d852eed7f96c5108de70d928bd02208b",
        "version" : "0.1.0"
      }
    },
    {
      "identity" : "uncommoncrypto.swift",
      "kind" : "remoteSourceControl",
      "location" : "https://github.com/tesseract-one/UncommonCrypto.swift.git",
      "state" : {
        "revision" : "075344faec47dadba98bef6a319e310c98be0820",
        "version" : "0.2.1"
      }
    }
  ],
  "version" : 3
}
